
Microsoft Visual Studio Solution File, Format Version 12.00
# Visual Studio Version 17
VisualStudioVersion = 17.4.33213.308
MinimumVisualStudioVersion = 10.0.40219.1
Project("{FAE04EC0-301F-11D3-BF4B-00C04F79EFBC}") = "ims", "ims.csproj", "{2AFBADF8-0ADF-4B93-A4A9-8CB7F322BDD5}"
EndProject
Global
	GlobalSection(SolutionConfigurationPlatforms) = preSolution
		Debug|Any CPU = Debug|Any CPU
		Release|Any CPU = Release|Any CPU
	EndGlobalSection
	GlobalSection(ProjectConfigurationPlatforms) = postSolution
		{2AFBADF8-0ADF-4B93-A4A9-8CB7F322BDD5}.Debug|Any CPU.ActiveCfg = Debug|Any CPU
		{2AFBADF8-0ADF-4B93-A4A9-8CB7F322BDD5}.Debug|Any CPU.Build.0 = Debug|Any CPU
		{2AFBADF8-0ADF-4B93-A4A9-8CB7F322BDD5}.Release|Any CPU.ActiveCfg = Release|Any CPU
		{2AFBADF8-0ADF-4B93-A4A9-8CB7F322BDD5}.Release|Any CPU.Build.0 = Release|Any CPU
	EndGlobalSection
	GlobalSection(SolutionProperties) = preSolution
		HideSolutionNode = FALSE
	EndGlobalSection
	GlobalSection(ExtensibilityGlobals) = postSolution
		SolutionGuid = {69C7907B-7015-4A4F-ACA5-53BB6316094C}
	EndGlobalSection
EndGlobal
